// !$*UTF8*$!
{
	archiveVersion = 1;
	classes = {
	};
	objectVersion = 56;
	objects = {

/* Begin PBXBuildFile section */
		41E930D12C47E372004A20DB /* AppDelegate.swift in Sources */ = {isa = PBXBuildFile; fileRef = 41E930D02C47E372004A20DB /* AppDelegate.swift */; };
		41E930D32C47E372004A20DB /* SceneDelegate.swift in Sources */ = {isa = PBXBuildFile; fileRef = 41E930D22C47E372004A20DB /* SceneDelegate.swift */; };
		41E930D52C47E372004A20DB /* ViewController.swift in Sources */ = {isa = PBXBuildFile; fileRef = 41E930D42C47E372004A20DB /* ViewController.swift */; };
		41E930D82C47E372004A20DB /* Base in Resources */ = {isa = PBXBuildFile; fileRef = 41E930D72C47E372004A20DB /* Base */; };
		41E930DA2C47E375004A20DB /* Assets.xcassets in Resources */ = {isa = PBXBuildFile; fileRef = 41E930D92C47E375004A20DB /* Assets.xcassets */; };
		41E930DD2C47E375004A20DB /* Base in Resources */ = {isa = PBXBuildFile; fileRef = 41E930DC2C47E375004A20DB /* Base */; };
		41E930EA2C47E3F0004A20DB /* Tarefa.swift in Sources */ = {isa = PBXBuildFile; fileRef = 41E930E92C47E3F0004A20DB /* Tarefa.swift */; };
		41E930EC2C47E426004A20DB /* TarefaView.swift in Sources */ = {isa = PBXBuildFile; fileRef = 41E930EB2C47E426004A20DB /* TarefaView.swift */; };
		41E930EE2C47E443004A20DB /* TarefaViewController.swift in Sources */ = {isa = PBXBuildFile; fileRef = 41E930ED2C47E443004A20DB /* TarefaViewController.swift */; };
		41E930F02C4835BC004A20DB /* NovaTarefaView.swift in Sources */ = {isa = PBXBuildFile; fileRef = 41E930EF2C4835BC004A20DB /* NovaTarefaView.swift */; };
		41E930F32C483D9C004A20DB /* TarefaViewModel.swift in Sources */ = {isa = PBXBuildFile; fileRef = 41E930F22C483D9C004A20DB /* TarefaViewModel.swift */; };
/* End PBXBuildFile section */

/* Begin PBXFileReference section */
		41E930CD2C47E372004A20DB /* ToDoListApp.app */ = {isa = PBXFileReference; explicitFileType = wrapper.application; includeInIndex = 0; path = ToDoListApp.app; sourceTree = BUILT_PRODUCTS_DIR; };
		41E930D02C47E372004A20DB /* AppDelegate.swift */ = {isa = PBXFileReference; lastKnownFileType = sourcecode.swift; path = AppDelegate.swift; sourceTree = "<group>"; };
		41E930D22C47E372004A20DB /* SceneDelegate.swift */ = {isa = PBXFileReference; lastKnownFileType = sourcecode.swift; path = SceneDelegate.swift; sourceTree = "<group>"; };
		41E930D42C47E372004A20DB /* ViewController.swift */ = {isa = PBXFileReference; lastKnownFileType = sourcecode.swift; path = ViewController.swift; sourceTree = "<group>"; };
		41E930D72C47E372004A20DB /* Base */ = {isa = PBXFileReference; lastKnownFileType = file.storyboard; name = Base; path = Base.lproj/Main.storyboard; sourceTree = "<group>"; };
		41E930D92C47E375004A20DB /* Assets.xcassets */ = {isa = PBXFileReference; lastKnownFileType = folder.assetcatalog; path = Assets.xcassets; sourceTree = "<group>"; };
		41E930DC2C47E375004A20DB /* Base */ = {isa = PBXFileReference; lastKnownFileType = file.storyboard; name = Base; path = Base.lproj/LaunchScreen.storyboard; sourceTree = "<group>"; };
		41E930DE2C47E375004A20DB /* Info.plist */ = {isa = PBXFileReference; lastKnownFileType = text.plist.xml; path = Info.plist; sourceTree = "<group>"; };
		41E930E92C47E3F0004A20DB /* Tarefa.swift */ = {isa = PBXFileReference; lastKnownFileType = sourcecode.swift; path = Tarefa.swift; sourceTree = "<group>"; };
		41E930EB2C47E426004A20DB /* TarefaView.swift */ = {isa = PBXFileReference; lastKnownFileType = sourcecode.swift; path = TarefaView.swift; sourceTree = "<group>"; };
		41E930ED2C47E443004A20DB /* TarefaViewController.swift */ = {isa = PBXFileReference; lastKnownFileType = sourcecode.swift; path = TarefaViewController.swift; sourceTree = "<group>"; };
		41E930EF2C4835BC004A20DB /* NovaTarefaView.swift */ = {isa = PBXFileReference; lastKnownFileType = sourcecode.swift; path = NovaTarefaView.swift; sourceTree = "<group>"; };
		41E930F22C483D9C004A20DB /* TarefaViewModel.swift */ = {isa = PBXFileReference; lastKnownFileType = sourcecode.swift; path = TarefaViewModel.swift; sourceTree = "<group>"; };
/* End PBXFileReference section */

/* Begin PBXFrameworksBuildPhase section */
		41E930CA2C47E372004A20DB /* Frameworks */ = {
			isa = PBXFrameworksBuildPhase;
			buildActionMask = 2147483647;
			files = (
			);
			runOnlyForDeploymentPostprocessing = 0;
		};
/* End PBXFrameworksBuildPhase section */

/* Begin PBXGroup section */
		41E930C42C47E372004A20DB = {
			isa = PBXGroup;
			children = (
				41E930CF2C47E372004A20DB /* ToDoListApp */,
				41E930CE2C47E372004A20DB /* Products */,
			);
			sourceTree = "<group>";
		};
		41E930CE2C47E372004A20DB /* Products */ = {
			isa = PBXGroup;
			children = (
				41E930CD2C47E372004A20DB /* ToDoListApp.app */,
			);
			name = Products;
			sourceTree = "<group>";
		};
		41E930CF2C47E372004A20DB /* ToDoListApp */ = {
			isa = PBXGroup;
			children = (
				41E930E52C47E3B1004A20DB /* Source */,
				41E930E42C47E39B004A20DB /* Resource */,
				41E930DE2C47E375004A20DB /* Info.plist */,
			);
			path = ToDoListApp;
			sourceTree = "<group>";
		};
		41E930E42C47E39B004A20DB /* Resource */ = {
			isa = PBXGroup;
			children = (
				41E930D02C47E372004A20DB /* AppDelegate.swift */,
				41E930D22C47E372004A20DB /* SceneDelegate.swift */,
				41E930D42C47E372004A20DB /* ViewController.swift */,
				41E930D62C47E372004A20DB /* Main.storyboard */,
				41E930D92C47E375004A20DB /* Assets.xcassets */,
				41E930DB2C47E375004A20DB /* LaunchScreen.storyboard */,
			);
			path = Resource;
			sourceTree = "<group>";
		};
		41E930E52C47E3B1004A20DB /* Source */ = {
			isa = PBXGroup;
			children = (
				41E930F12C483D78004A20DB /* ViewModel */,
				41E930E82C47E3D4004A20DB /* Controller */,
				41E930E72C47E3CC004A20DB /* View */,
				41E930E62C47E3C1004A20DB /* Model */,
			);
			path = Source;
			sourceTree = "<group>";
		};
		41E930E62C47E3C1004A20DB /* Model */ = {
			isa = PBXGroup;
			children = (
				41E930E92C47E3F0004A20DB /* Tarefa.swift */,
			);
			path = Model;
			sourceTree = "<group>";
		};
		41E930E72C47E3CC004A20DB /* View */ = {
			isa = PBXGroup;
			children = (
				41E930EB2C47E426004A20DB /* TarefaView.swift */,
				41E930EF2C4835BC004A20DB /* NovaTarefaView.swift */,
			);
			path = View;
			sourceTree = "<group>";
		};
		41E930E82C47E3D4004A20DB /* Controller */ = {
			isa = PBXGroup;
			children = (
				41E930ED2C47E443004A20DB /* TarefaViewController.swift */,
			);
			path = Controller;
			sourceTree = "<group>";
		};
		41E930F12C483D78004A20DB /* ViewModel */ = {
			isa = PBXGroup;
			children = (
				41E930F22C483D9C004A20DB /* TarefaViewModel.swift */,
			);
			path = ViewModel;
			sourceTree = "<group>";
		};
/* End PBXGroup section */

/* Begin PBXNativeTarget section */
		41E930CC2C47E372004A20DB /* ToDoListApp */ = {
			isa = PBXNativeTarget;
			buildConfigurationList = 41E930E12C47E375004A20DB /* Build configuration list for PBXNativeTarget "ToDoListApp" */;
			buildPhases = (
				41E930C92C47E372004A20DB /* Sources */,
				41E930CA2C47E372004A20DB /* Frameworks */,
				41E930CB2C47E372004A20DB /* Resources */,
			);
			buildRules = (
			);
			dependencies = (
			);
			name = ToDoListApp;
			productName = ToDoListApp;
			productReference = 41E930CD2C47E372004A20DB /* ToDoListApp.app */;
			productType = "com.apple.product-type.application";
		};
/* End PBXNativeTarget section */

/* Begin PBXProject section */
		41E930C52C47E372004A20DB /* Project object */ = {
			isa = PBXProject;
			attributes = {
				BuildIndependentTargetsInParallel = 1;
				LastSwiftUpdateCheck = 1540;
				LastUpgradeCheck = 1540;
				TargetAttributes = {
					41E930CC2C47E372004A20DB = {
						CreatedOnToolsVersion = 15.4;
					};
				};
			};
			buildConfigurationList = 41E930C82C47E372004A20DB /* Build configuration list for PBXProject "ToDoListApp" */;
			compatibilityVersion = "Xcode 14.0";
			developmentRegion = en;
			hasScannedForEncodings = 0;
			knownRegions = (
				en,
				Base,
			);
			mainGroup = 41E930C42C47E372004A20DB;
			productRefGroup = 41E930CE2C47E372004A20DB /* Products */;
			projectDirPath = "";
			projectRoot = "";
			targets = (
				41E930CC2C47E372004A20DB /* ToDoListApp */,
			);
		};
/* End PBXProject section */

/* Begin PBXResourcesBuildPhase section */
		41E930CB2C47E372004A20DB /* Resources */ = {
			isa = PBXResourcesBuildPhase;
			buildActionMask = 2147483647;
			files = (
				41E930DA2C47E375004A20DB /* Assets.xcassets in Resources */,
				41E930DD2C47E375004A20DB /* Base in Resources */,
				41E930D82C47E372004A20DB /* Base in Resources */,
			);
			runOnlyForDeploymentPostprocessing = 0;
		};
/* End PBXResourcesBuildPhase section */

/* Begin PBXSourcesBuildPhase section */
		41E930C92C47E372004A20DB /* Sources */ = {
			isa = PBXSourcesBuildPhase;
			buildActionMask = 2147483647;
			files = (
				41E930EC2C47E426004A20DB /* TarefaView.swift in Sources */,
				41E930EE2C47E443004A20DB /* TarefaViewController.swift in Sources */,
				41E930F02C4835BC004A20DB /* NovaTarefaView.swift in Sources */,
				41E930D52C47E372004A20DB /* ViewController.swift in Sources */,
				41E930D12C47E372004A20DB /* AppDelegate.swift in Sources */,
				41E930EA2C47E3F0004A20DB /* Tarefa.swift in Sources */,
				41E930D32C47E372004A20DB /* SceneDelegate.swift in Sources */,
				41E930F32C483D9C004A20DB /* TarefaViewModel.swift in Sources */,
			);
			runOnlyForDeploymentPostprocessing = 0;
		};
/* End PBXSourcesBuildPhase section */

/* Begin PBXVariantGroup section */
		41E930D62C47E372004A20DB /* Main.storyboard */ = {
			isa = PBXVariantGroup;
			children = (
				41E930D72C47E372004A20DB /* Base */,
			);
			name = Main.storyboard;
			sourceTree = "<group>";
		};
		41E930DB2C47E375004A20DB /* LaunchScreen.storyboard */ = {
			isa = PBXVariantGroup;
			children = (
				41E930DC2C47E375004A20DB /* Base */,
			);
			name = LaunchScreen.storyboard;
			sourceTree = "<group>";
		};
/* End PBXVariantGroup section */

/* Begin XCBuildConfiguration section */
		41E930DF2C47E375004A20DB /* Debug */ = {
			isa = XCBuildConfiguration;
			buildSettings = {
				ALWAYS_SEARCH_USER_PATHS = NO;
				ASSETCATALOG_COMPILER_GENERATE_SWIFT_ASSET_SYMBOL_EXTENSIONS = YES;
				CLANG_ANALYZER_NONNULL = YES;
				CLANG_ANALYZER_NUMBER_OBJECT_CONVERSION = YES_AGGRESSIVE;
				CLANG_CXX_LANGUAGE_STANDARD = "gnu++20";
				CLANG_ENABLE_MODULES = YES;
				CLANG_ENABLE_OBJC_ARC = YES;
				CLANG_ENABLE_OBJC_WEAK = YES;
				CLANG_WARN_BLOCK_CAPTURE_AUTORELEASING = YES;
				CLANG_WARN_BOOL_CONVERSION = YES;
				CLANG_WARN_COMMA = YES;
				CLANG_WARN_CONSTANT_CONVERSION = YES;
				CLANG_WARN_DEPRECATED_OBJC_IMPLEMENTATIONS = YES;
				CLANG_WARN_DIRECT_OBJC_ISA_USAGE = YES_ERROR;
				CLANG_WARN_DOCUMENTATION_COMMENTS = YES;
				CLANG_WARN_EMPTY_BODY = YES;
				CLANG_WARN_ENUM_CONVERSION = YES;
				CLANG_WARN_INFINITE_RECURSION = YES;
				CLANG_WARN_INT_CONVERSION = YES;
				CLANG_WARN_NON_LITERAL_NULL_CONVERSION = YES;
				CLANG_WARN_OBJC_IMPLICIT_RETAIN_SELF = YES;
				CLANG_WARN_OBJC_LITERAL_CONVERSION = YES;
				CLANG_WARN_OBJC_ROOT_CLASS = YES_ERROR;
				CLANG_WARN_QUOTED_INCLUDE_IN_FRAMEWORK_HEADER = YES;
				CLANG_WARN_RANGE_LOOP_ANALYSIS = YES;
				CLANG_WARN_STRICT_PROTOTYPES = YES;
				CLANG_WARN_SUSPICIOUS_MOVE = YES;
				CLANG_WARN_UNGUARDED_AVAILABILITY = YES_AGGRESSIVE;
				CLANG_WARN_UNREACHABLE_CODE = YES;
				CLANG_WARN__DUPLICATE_METHOD_MATCH = YES;
				COPY_PHASE_STRIP = NO;
				DEBUG_INFORMATION_FORMAT = dwarf;
				ENABLE_STRICT_OBJC_MSGSEND = YES;
				ENABLE_TESTABILITY = YES;
				ENABLE_USER_SCRIPT_SANDBOXING = YES;
				GCC_C_LANGUAGE_STANDARD = gnu17;
				GCC_DYNAMIC_NO_PIC = NO;
				GCC_NO_COMMON_BLOCKS = YES;
				GCC_OPTIMIZATION_LEVEL = 0;
				GCC_PREPROCESSOR_DEFINITIONS = (
					"DEBUG=1",
					"$(inherited)",
				);
				GCC_WARN_64_TO_32_BIT_CONVERSION = YES;
				GCC_WARN_ABOUT_RETURN_TYPE = YES_ERROR;
				GCC_WARN_UNDECLARED_SELECTOR = YES;
				GCC_WARN_UNINITIALIZED_AUTOS = YES_AGGRESSIVE;
				GCC_WARN_UNUSED_FUNCTION = YES;
				GCC_WARN_UNUSED_VARIABLE = YES;
				IPHONEOS_DEPLOYMENT_TARGET = 17.5;
				LOCALIZATION_PREFERS_STRING_CATALOGS = YES;
				MTL_ENABLE_DEBUG_INFO = INCLUDE_SOURCE;
				MTL_FAST_MATH = YES;
				ONLY_ACTIVE_ARCH = YES;
				SDKROOT = iphoneos;
				SWIFT_ACTIVE_COMPILATION_CONDITIONS = "DEBUG $(inherited)";
				SWIFT_OPTIMIZATION_LEVEL = "-Onone";
			};
			name = Debug;
		};
		41E930E02C47E375004A20DB /* Release */ = {
			isa = XCBuildConfiguration;
			buildSettings = {
				ALWAYS_SEARCH_USER_PATHS = NO;
				ASSETCATALOG_COMPILER_GENERATE_SWIFT_ASSET_SYMBOL_EXTENSIONS = YES;
				CLANG_ANALYZER_NONNULL = YES;
				CLANG_ANALYZER_NUMBER_OBJECT_CONVERSION = YES_AGGRESSIVE;
				CLANG_CXX_LANGUAGE_STANDARD = "gnu++20";
				CLANG_ENABLE_MODULES = YES;
				CLANG_ENABLE_OBJC_ARC = YES;
				CLANG_ENABLE_OBJC_WEAK = YES;
				CLANG_WARN_BLOCK_CAPTURE_AUTORELEASING = YES;
				CLANG_WARN_BOOL_CONVERSION = YES;
				CLANG_WARN_COMMA = YES;
				CLANG_WARN_CONSTANT_CONVERSION = YES;
				CLANG_WARN_DEPRECATED_OBJC_IMPLEMENTATIONS = YES;
				CLANG_WARN_DIRECT_OBJC_ISA_USAGE = YES_ERROR;
				CLANG_WARN_DOCUMENTATION_COMMENTS = YES;
				CLANG_WARN_EMPTY_BODY = YES;
				CLANG_WARN_ENUM_CONVERSION = YES;
				CLANG_WARN_INFINITE_RECURSION = YES;
				CLANG_WARN_INT_CONVERSION = YES;
				CLANG_WARN_NON_LITERAL_NULL_CONVERSION = YES;
				CLANG_WARN_OBJC_IMPLICIT_RETAIN_SELF = YES;
				CLANG_WARN_OBJC_LITERAL_CONVERSION = YES;
				CLANG_WARN_OBJC_ROOT_CLASS = YES_ERROR;
				CLANG_WARN_QUOTED_INCLUDE_IN_FRAMEWORK_HEADER = YES;
				CLANG_WARN_RANGE_LOOP_ANALYSIS = YES;
				CLANG_WARN_STRICT_PROTOTYPES = YES;
				CLANG_WARN_SUSPICIOUS_MOVE = YES;
				CLANG_WARN_UNGUARDED_AVAILABILITY = YES_AGGRESSIVE;
				CLANG_WARN_UNREACHABLE_CODE = YES;
				CLANG_WARN__DUPLICATE_METHOD_MATCH = YES;
				COPY_PHASE_STRIP = NO;
				DEBUG_INFORMATION_FORMAT = "dwarf-with-dsym";
				ENABLE_NS_ASSERTIONS = NO;
				ENABLE_STRICT_OBJC_MSGSEND = YES;
				ENABLE_USER_SCRIPT_SANDBOXING = YES;
				GCC_C_LANGUAGE_STANDARD = gnu17;
				GCC_NO_COMMON_BLOCKS = YES;
				GCC_WARN_64_TO_32_BIT_CONVERSION = YES;
				GCC_WARN_ABOUT_RETURN_TYPE = YES_ERROR;
				GCC_WARN_UNDECLARED_SELECTOR = YES;
				GCC_WARN_UNINITIALIZED_AUTOS = YES_AGGRESSIVE;
				GCC_WARN_UNUSED_FUNCTION = YES;
				GCC_WARN_UNUSED_VARIABLE = YES;
				IPHONEOS_DEPLOYMENT_TARGET = 17.5;
				LOCALIZATION_PREFERS_STRING_CATALOGS = YES;
				MTL_ENABLE_DEBUG_INFO = NO;
				MTL_FAST_MATH = YES;
				SDKROOT = iphoneos;
				SWIFT_COMPILATION_MODE = wholemodule;
				VALIDATE_PRODUCT = YES;
			};
			name = Release;
		};
		41E930E22C47E375004A20DB /* Debug */ = {
			isa = XCBuildConfiguration;
			buildSettings = {
				ASSETCATALOG_COMPILER_APPICON_NAME = AppIcon;
				ASSETCATALOG_COMPILER_GLOBAL_ACCENT_COLOR_NAME = AccentColor;
				CODE_SIGN_STYLE = Automatic;
				CURRENT_PROJECT_VERSION = 1;
				DEVELOPMENT_TEAM = 73W8Q3Z5K3;
				GENERATE_INFOPLIST_FILE = YES;
				INFOPLIST_FILE = ToDoListApp/Info.plist;
				INFOPLIST_KEY_UIApplicationSupportsIndirectInputEvents = YES;
				INFOPLIST_KEY_UILaunchStoryboardName = LaunchScreen;
				INFOPLIST_KEY_UIMainStoryboardFile = Main;
				INFOPLIST_KEY_UISupportedInterfaceOrientations_iPad = "UIInterfaceOrientationPortrait UIInterfaceOrientationPortraitUpsideDown UIInterfaceOrientationLandscapeLeft UIInterfaceOrientationLandscapeRight";
				INFOPLIST_KEY_UISupportedInterfaceOrientations_iPhone = "UIInterfaceOrientationPortrait UIInterfaceOrientationLandscapeLeft UIInterfaceOrientationLandscapeRight";
				LD_RUNPATH_SEARCH_PATHS = (
					"$(inherited)",
					"@executable_path/Frameworks",
				);
				MARKETING_VERSION = 1.0;
				PRODUCT_BUNDLE_IDENTIFIER = br.edu.ifb.ToDoListApp;
				PRODUCT_NAME = "$(TARGET_NAME)";
				SWIFT_EMIT_LOC_STRINGS = YES;
				SWIFT_VERSION = 5.0;
				TARGETED_DEVICE_FAMILY = "1,2";
			};
			name = Debug;
		};
		41E930E32C47E375004A20DB /* Release */ = {
			isa = XCBuildConfiguration;
			buildSettings = {
				ASSETCATALOG_COMPILER_APPICON_NAME = AppIcon;
				ASSETCATALOG_COMPILER_GLOBAL_ACCENT_COLOR_NAME = AccentColor;
				CODE_SIGN_STYLE = Automatic;
				CURRENT_PROJECT_VERSION = 1;
				DEVELOPMENT_TEAM = 73W8Q3Z5K3;
				GENERATE_INFOPLIST_FILE = YES;
				INFOPLIST_FILE = ToDoListApp/Info.plist;
				INFOPLIST_KEY_UIApplicationSupportsIndirectInputEvents = YES;
				INFOPLIST_KEY_UILaunchStoryboardName = LaunchScreen;
				INFOPLIST_KEY_UIMainStoryboardFile = Main;
				INFOPLIST_KEY_UISupportedInterfaceOrientations_iPad = "UIInterfaceOrientationPortrait UIInterfaceOrientationPortraitUpsideDown UIInterfaceOrientationLandscapeLeft UIInterfaceOrientationLandscapeRight";
				INFOPLIST_KEY_UISupportedInterfaceOrientations_iPhone = "UIInterfaceOrientationPortrait UIInterfaceOrientationLandscapeLeft UIInterfaceOrientationLandscapeRight";
				LD_RUNPATH_SEARCH_PATHS = (
					"$(inherited)",
					"@executable_path/Frameworks",
				);
				MARKETING_VERSION = 1.0;
				PRODUCT_BUNDLE_IDENTIFIER = br.edu.ifb.ToDoListApp;
				PRODUCT_NAME = "$(TARGET_NAME)";
				SWIFT_EMIT_LOC_STRINGS = YES;
				SWIFT_VERSION = 5.0;
				TARGETED_DEVICE_FAMILY = "1,2";
			};
			name = Release;
		};
/* End XCBuildConfiguration section */

/* Begin XCConfigurationList section */
		41E930C82C47E372004A20DB /* Build configuration list for PBXProject "ToDoListApp" */ = {
			isa = XCConfigurationList;
			buildConfigurations = (
				41E930DF2C47E375004A20DB /* Debug */,
				41E930E02C47E375004A20DB /* Release */,
			);
			defaultConfigurationIsVisible = 0;
			defaultConfigurationName = Release;
		};
		41E930E12C47E375004A20DB /* Build configuration list for PBXNativeTarget "ToDoListApp" */ = {
			isa = XCConfigurationList;
			buildConfigurations = (
				41E930E22C47E375004A20DB /* Debug */,
				41E930E32C47E375004A20DB /* Release */,
			);
			defaultConfigurationIsVisible = 0;
			defaultConfigurationName = Release;
		};
/* End XCConfigurationList section */
	};
	rootObject = 41E930C52C47E372004A20DB /* Project object */;
}
